// !$*UTF8*$!
{
	archiveVersion = 1;
	classes = {
	};
	objectVersion = 77;
	objects = {

/* Begin PBXBuildFile section */
		CC8772EE2F04508E00B50C03 /* PhotoView.swift in Sources */ = {isa = PBXBuildFile; fileRef = CC8772ED2F04508E00B50C03 /* PhotoView.swift */; };
		CC9B7C212F01B7A800474CCE /* FirebaseAuth in Frameworks */ = {isa = PBXBuildFile; productRef = CC9B7C202F01B7A800474CCE /* FirebaseAuth */; };
		CC9B7C232F01B7A800474CCE /* FirebaseFirestore in Frameworks */ = {isa = PBXBuildFile; productRef = CC9B7C222F01B7A800474CCE /* FirebaseFirestore */; };
		CC9B7C252F01B7A800474CCE /* FirebaseStorage in Frameworks */ = {isa = PBXBuildFile; productRef = CC9B7C242F01B7A800474CCE /* FirebaseStorage */; };
		CC9B7C302F01D7D900474CCE /* LoginView.swift in Sources */ = {isa = PBXBuildFile; fileRef = CC9B7C292F01D7D900474CCE /* LoginView.swift */; };
		CC9B7C312F01D7D900474CCE /* SnacktacularApp.swift in Sources */ = {isa = PBXBuildFile; fileRef = CC9B7C2A2F01D7D900474CCE /* SnacktacularApp.swift */; };
		CC9B7C322F01D7D900474CCE /* Assets.xcassets in Resources */ = {isa = PBXBuildFile; fileRef = CC9B7C2C2F01D7D900474CCE /* Assets.xcassets */; };
		CC9B7C332F01D7D900474CCE /* GoogleService-Info.plist in Resources */ = {isa = PBXBuildFile; fileRef = CC9B7C2D2F01D7D900474CCE /* GoogleService-Info.plist */; };
		CC9B7C362F01D82E00474CCE /* ListView.swift in Sources */ = {isa = PBXBuildFile; fileRef = CC9B7C352F01D82E00474CCE /* ListView.swift */; };
		CC9B7C382F01EF3600474CCE /* Spot.swift in Sources */ = {isa = PBXBuildFile; fileRef = CC9B7C372F01EF3600474CCE /* Spot.swift */; };
		CC9B7C3A2F01F0A600474CCE /* SpotDetailView.swift in Sources */ = {isa = PBXBuildFile; fileRef = CC9B7C392F01F0A600474CCE /* SpotDetailView.swift */; };
		CC9B7C3C2F01F39D00474CCE /* SpotViewModel.swift in Sources */ = {isa = PBXBuildFile; fileRef = CC9B7C3B2F01F39D00474CCE /* SpotViewModel.swift */; };
/* End PBXBuildFile section */

/* Begin PBXFileReference section */
		CC8772ED2F04508E00B50C03 /* PhotoView.swift */ = {isa = PBXFileReference; lastKnownFileType = sourcecode.swift; path = PhotoView.swift; sourceTree = "<group>"; };
		CC9B7C292F01D7D900474CCE /* LoginView.swift */ = {isa = PBXFileReference; lastKnownFileType = sourcecode.swift; path = LoginView.swift; sourceTree = "<group>"; };
		CC9B7C2A2F01D7D900474CCE /* SnacktacularApp.swift */ = {isa = PBXFileReference; lastKnownFileType = sourcecode.swift; path = SnacktacularApp.swift; sourceTree = "<group>"; };
		CC9B7C2C2F01D7D900474CCE /* Assets.xcassets */ = {isa = PBXFileReference; lastKnownFileType = folder.assetcatalog; path = Assets.xcassets; sourceTree = "<group>"; };
		CC9B7C2D2F01D7D900474CCE /* GoogleService-Info.plist */ = {isa = PBXFileReference; lastKnownFileType = text.plist.xml; path = "GoogleService-Info.plist"; sourceTree = "<group>"; };
		CC9B7C2E2F01D7D900474CCE /* Info.plist */ = {isa = PBXFileReference; lastKnownFileType = text.plist.xml; path = Info.plist; sourceTree = "<group>"; };
		CC9B7C352F01D82E00474CCE /* ListView.swift */ = {isa = PBXFileReference; lastKnownFileType = sourcecode.swift; path = ListView.swift; sourceTree = "<group>"; };
		CC9B7C372F01EF3600474CCE /* Spot.swift */ = {isa = PBXFileReference; lastKnownFileType = sourcecode.swift; path = Spot.swift; sourceTree = "<group>"; };
		CC9B7C392F01F0A600474CCE /* SpotDetailView.swift */ = {isa = PBXFileReference; lastKnownFileType = sourcecode.swift; path = SpotDetailView.swift; sourceTree = "<group>"; };
		CC9B7C3B2F01F39D00474CCE /* SpotViewModel.swift */ = {isa = PBXFileReference; lastKnownFileType = sourcecode.swift; path = SpotViewModel.swift; sourceTree = "<group>"; };
		CCA8469B2F01B01C005DE30B /* Snacktacular.app */ = {isa = PBXFileReference; explicitFileType = wrapper.application; includeInIndex = 0; path = Snacktacular.app; sourceTree = BUILT_PRODUCTS_DIR; };
/* End PBXFileReference section */

/* Begin PBXFrameworksBuildPhase section */
		CCA846982F01B01C005DE30B /* Frameworks */ = {
			isa = PBXFrameworksBuildPhase;
			buildActionMask = 2147483647;
			files = (
				CC9B7C212F01B7A800474CCE /* FirebaseAuth in Frameworks */,
				CC9B7C232F01B7A800474CCE /* FirebaseFirestore in Frameworks */,
				CC9B7C252F01B7A800474CCE /* FirebaseStorage in Frameworks */,
			);
			runOnlyForDeploymentPostprocessing = 0;
		};
/* End PBXFrameworksBuildPhase section */

/* Begin PBXGroup section */
		CC8772EA2F0449A600B50C03 /* Views */ = {
			isa = PBXGroup;
			children = (
				CC9B7C292F01D7D900474CCE /* LoginView.swift */,
				CC9B7C352F01D82E00474CCE /* ListView.swift */,
				CC9B7C392F01F0A600474CCE /* SpotDetailView.swift */,
				CC8772ED2F04508E00B50C03 /* PhotoView.swift */,
			);
			path = Views;
			sourceTree = "<group>";
		};
		CC8772EB2F0449B500B50C03 /* Models */ = {
			isa = PBXGroup;
			children = (
				CC9B7C372F01EF3600474CCE /* Spot.swift */,
			);
			path = Models;
			sourceTree = "<group>";
		};
		CC8772EC2F0449C500B50C03 /* View Models */ = {
			isa = PBXGroup;
			children = (
				CC9B7C3B2F01F39D00474CCE /* SpotViewModel.swift */,
			);
			path = "View Models";
			sourceTree = "<group>";
		};
		CC9B7C2F2F01D7D900474CCE /* Snacktacular */ = {
			isa = PBXGroup;
			children = (
				CC9B7C2A2F01D7D900474CCE /* SnacktacularApp.swift */,
				CC8772EA2F0449A600B50C03 /* Views */,
				CC8772EB2F0449B500B50C03 /* Models */,
				CC8772EC2F0449C500B50C03 /* View Models */,
				CC9B7C2C2F01D7D900474CCE /* Assets.xcassets */,
				CC9B7C2D2F01D7D900474CCE /* GoogleService-Info.plist */,
				CC9B7C2E2F01D7D900474CCE /* Info.plist */,
			);
			path = Snacktacular;
			sourceTree = "<group>";
		};
		CCA846922F01B01C005DE30B = {
			isa = PBXGroup;
			children = (
				CC9B7C2F2F01D7D900474CCE /* Snacktacular */,
				CCA8469C2F01B01C005DE30B /* Products */,
			);
			sourceTree = "<group>";
		};
		CCA8469C2F01B01C005DE30B /* Products */ = {
			isa = PBXGroup;
			children = (
				CCA8469B2F01B01C005DE30B /* Snacktacular.app */,
			);
			name = Products;
			sourceTree = "<group>";
		};
/* End PBXGroup section */

/* Begin PBXNativeTarget section */
		CCA8469A2F01B01C005DE30B /* Snacktacular */ = {
			isa = PBXNativeTarget;
			buildConfigurationList = CCA846A62F01B01E005DE30B /* Build configuration list for PBXNativeTarget "Snacktacular" */;
			buildPhases = (
				CCA846972F01B01C005DE30B /* Sources */,
				CCA846982F01B01C005DE30B /* Frameworks */,
				CCA846992F01B01C005DE30B /* Resources */,
			);
			buildRules = (
			);
			dependencies = (
			);
			name = Snacktacular;
			packageProductDependencies = (
				CC9B7C202F01B7A800474CCE /* FirebaseAuth */,
				CC9B7C222F01B7A800474CCE /* FirebaseFirestore */,
				CC9B7C242F01B7A800474CCE /* FirebaseStorage */,
			);
			productName = Snacktacular;
			productReference = CCA8469B2F01B01C005DE30B /* Snacktacular.app */;
			productType = "com.apple.product-type.application";
		};
/* End PBXNativeTarget section */

/* Begin PBXProject section */
		CCA846932F01B01C005DE30B /* Project object */ = {
			isa = PBXProject;
			attributes = {
				BuildIndependentTargetsInParallel = 1;
				LastSwiftUpdateCheck = 2600;
				LastUpgradeCheck = 2600;
				TargetAttributes = {
					CCA8469A2F01B01C005DE30B = {
						CreatedOnToolsVersion = 26.0;
					};
				};
			};
			buildConfigurationList = CCA846962F01B01C005DE30B /* Build configuration list for PBXProject "Snacktacular" */;
			developmentRegion = en;
			hasScannedForEncodings = 0;
			knownRegions = (
				en,
				Base,
			);
			mainGroup = CCA846922F01B01C005DE30B;
			minimizedProjectReferenceProxies = 1;
			packageReferences = (
				CC9B7C1F2F01B7A800474CCE /* XCRemoteSwiftPackageReference "firebase-ios-sdk" */,
			);
			preferredProjectObjectVersion = 77;
			productRefGroup = CCA8469C2F01B01C005DE30B /* Products */;
			projectDirPath = "";
			projectRoot = "";
			targets = (
				CCA8469A2F01B01C005DE30B /* Snacktacular */,
			);
		};
/* End PBXProject section */

/* Begin PBXResourcesBuildPhase section */
		CCA846992F01B01C005DE30B /* Resources */ = {
			isa = PBXResourcesBuildPhase;
			buildActionMask = 2147483647;
			files = (
				CC9B7C322F01D7D900474CCE /* Assets.xcassets in Resources */,
				CC9B7C332F01D7D900474CCE /* GoogleService-Info.plist in Resources */,
			);
			runOnlyForDeploymentPostprocessing = 0;
		};
/* End PBXResourcesBuildPhase section */

/* Begin PBXSourcesBuildPhase section */
		CCA846972F01B01C005DE30B /* Sources */ = {
			isa = PBXSourcesBuildPhase;
			buildActionMask = 2147483647;
			files = (
				CC9B7C3A2F01F0A600474CCE /* SpotDetailView.swift in Sources */,
				CC9B7C302F01D7D900474CCE /* LoginView.swift in Sources */,
				CC8772EE2F04508E00B50C03 /* PhotoView.swift in Sources */,
				CC9B7C3C2F01F39D00474CCE /* SpotViewModel.swift in Sources */,
				CC9B7C312F01D7D900474CCE /* SnacktacularApp.swift in Sources */,
				CC9B7C362F01D82E00474CCE /* ListView.swift in Sources */,
				CC9B7C382F01EF3600474CCE /* Spot.swift in Sources */,
			);
			runOnlyForDeploymentPostprocessing = 0;
		};
/* End PBXSourcesBuildPhase section */

/* Begin XCBuildConfiguration section */
		CCA846A42F01B01E005DE30B /* Debug */ = {
			isa = XCBuildConfiguration;
			buildSettings = {
				ALWAYS_SEARCH_USER_PATHS = NO;
				ASSETCATALOG_COMPILER_GENERATE_SWIFT_ASSET_SYMBOL_EXTENSIONS = YES;
				CLANG_ANALYZER_NONNULL = YES;
				CLANG_ANALYZER_NUMBER_OBJECT_CONVERSION = YES_AGGRESSIVE;
				CLANG_CXX_LANGUAGE_STANDARD = "gnu++20";
				CLANG_ENABLE_MODULES = YES;
				CLANG_ENABLE_OBJC_ARC = YES;
				CLANG_ENABLE_OBJC_WEAK = YES;
				CLANG_WARN_BLOCK_CAPTURE_AUTORELEASING = YES;
				CLANG_WARN_BOOL_CONVERSION = YES;
				CLANG_WARN_COMMA = YES;
				CLANG_WARN_CONSTANT_CONVERSION = YES;
				CLANG_WARN_DEPRECATED_OBJC_IMPLEMENTATIONS = YES;
				CLANG_WARN_DIRECT_OBJC_ISA_USAGE = YES_ERROR;
				CLANG_WARN_DOCUMENTATION_COMMENTS = YES;
				CLANG_WARN_EMPTY_BODY = YES;
				CLANG_WARN_ENUM_CONVERSION = YES;
				CLANG_WARN_INFINITE_RECURSION = YES;
				CLANG_WARN_INT_CONVERSION = YES;
				CLANG_WARN_NON_LITERAL_NULL_CONVERSION = YES;
				CLANG_WARN_OBJC_IMPLICIT_RETAIN_SELF = YES;
				CLANG_WARN_OBJC_LITERAL_CONVERSION = YES;
				CLANG_WARN_OBJC_ROOT_CLASS = YES_ERROR;
				CLANG_WARN_QUOTED_INCLUDE_IN_FRAMEWORK_HEADER = YES;
				CLANG_WARN_RANGE_LOOP_ANALYSIS = YES;
				CLANG_WARN_STRICT_PROTOTYPES = YES;
				CLANG_WARN_SUSPICIOUS_MOVE = YES;
				CLANG_WARN_UNGUARDED_AVAILABILITY = YES_AGGRESSIVE;
				CLANG_WARN_UNREACHABLE_CODE = YES;
				CLANG_WARN__DUPLICATE_METHOD_MATCH = YES;
				COPY_PHASE_STRIP = NO;
				DEBUG_INFORMATION_FORMAT = dwarf;
				DEVELOPMENT_TEAM = 65T6JH3Q9B;
				ENABLE_STRICT_OBJC_MSGSEND = YES;
				ENABLE_TESTABILITY = YES;
				ENABLE_USER_SCRIPT_SANDBOXING = YES;
				GCC_C_LANGUAGE_STANDARD = gnu17;
				GCC_DYNAMIC_NO_PIC = NO;
				GCC_NO_COMMON_BLOCKS = YES;
				GCC_OPTIMIZATION_LEVEL = 0;
				GCC_PREPROCESSOR_DEFINITIONS = (
					"DEBUG=1",
					"$(inherited)",
				);
				GCC_WARN_64_TO_32_BIT_CONVERSION = YES;
				GCC_WARN_ABOUT_RETURN_TYPE = YES_ERROR;
				GCC_WARN_UNDECLARED_SELECTOR = YES;
				GCC_WARN_UNINITIALIZED_AUTOS = YES_AGGRESSIVE;
				GCC_WARN_UNUSED_FUNCTION = YES;
				GCC_WARN_UNUSED_VARIABLE = YES;
				IPHONEOS_DEPLOYMENT_TARGET = 26.0;
				LOCALIZATION_PREFERS_STRING_CATALOGS = YES;
				MTL_ENABLE_DEBUG_INFO = INCLUDE_SOURCE;
				MTL_FAST_MATH = YES;
				ONLY_ACTIVE_ARCH = YES;
				SDKROOT = iphoneos;
				SWIFT_ACTIVE_COMPILATION_CONDITIONS = "DEBUG $(inherited)";
				SWIFT_OPTIMIZATION_LEVEL = "-Onone";
			};
			name = Debug;
		};
		CCA846A52F01B01E005DE30B /* Release */ = {
			isa = XCBuildConfiguration;
			buildSettings = {
				ALWAYS_SEARCH_USER_PATHS = NO;
				ASSETCATALOG_COMPILER_GENERATE_SWIFT_ASSET_SYMBOL_EXTENSIONS = YES;
				CLANG_ANALYZER_NONNULL = YES;
				CLANG_ANALYZER_NUMBER_OBJECT_CONVERSION = YES_AGGRESSIVE;
				CLANG_CXX_LANGUAGE_STANDARD = "gnu++20";
				CLANG_ENABLE_MODULES = YES;
				CLANG_ENABLE_OBJC_ARC = YES;
				CLANG_ENABLE_OBJC_WEAK = YES;
				CLANG_WARN_BLOCK_CAPTURE_AUTORELEASING = YES;
				CLANG_WARN_BOOL_CONVERSION = YES;
				CLANG_WARN_COMMA = YES;
				CLANG_WARN_CONSTANT_CONVERSION = YES;
				CLANG_WARN_DEPRECATED_OBJC_IMPLEMENTATIONS = YES;
				CLANG_WARN_DIRECT_OBJC_ISA_USAGE = YES_ERROR;
				CLANG_WARN_DOCUMENTATION_COMMENTS = YES;
				CLANG_WARN_EMPTY_BODY = YES;
				CLANG_WARN_ENUM_CONVERSION = YES;
				CLANG_WARN_INFINITE_RECURSION = YES;
				CLANG_WARN_INT_CONVERSION = YES;
				CLANG_WARN_NON_LITERAL_NULL_CONVERSION = YES;
				CLANG_WARN_OBJC_IMPLICIT_RETAIN_SELF = YES;
				CLANG_WARN_OBJC_LITERAL_CONVERSION = YES;
				CLANG_WARN_OBJC_ROOT_CLASS = YES_ERROR;
				CLANG_WARN_QUOTED_INCLUDE_IN_FRAMEWORK_HEADER = YES;
				CLANG_WARN_RANGE_LOOP_ANALYSIS = YES;
				CLANG_WARN_STRICT_PROTOTYPES = YES;
				CLANG_WARN_SUSPICIOUS_MOVE = YES;
				CLANG_WARN_UNGUARDED_AVAILABILITY = YES_AGGRESSIVE;
				CLANG_WARN_UNREACHABLE_CODE = YES;
				CLANG_WARN__DUPLICATE_METHOD_MATCH = YES;
				COPY_PHASE_STRIP = NO;
				DEBUG_INFORMATION_FORMAT = "dwarf-with-dsym";
				DEVELOPMENT_TEAM = 65T6JH3Q9B;
				ENABLE_NS_ASSERTIONS = NO;
				ENABLE_STRICT_OBJC_MSGSEND = YES;
				ENABLE_USER_SCRIPT_SANDBOXING = YES;
				GCC_C_LANGUAGE_STANDARD = gnu17;
				GCC_NO_COMMON_BLOCKS = YES;
				GCC_WARN_64_TO_32_BIT_CONVERSION = YES;
				GCC_WARN_ABOUT_RETURN_TYPE = YES_ERROR;
				GCC_WARN_UNDECLARED_SELECTOR = YES;
				GCC_WARN_UNINITIALIZED_AUTOS = YES_AGGRESSIVE;
				GCC_WARN_UNUSED_FUNCTION = YES;
				GCC_WARN_UNUSED_VARIABLE = YES;
				IPHONEOS_DEPLOYMENT_TARGET = 26.0;
				LOCALIZATION_PREFERS_STRING_CATALOGS = YES;
				MTL_ENABLE_DEBUG_INFO = NO;
				MTL_FAST_MATH = YES;
				SDKROOT = iphoneos;
				SWIFT_COMPILATION_MODE = wholemodule;
				VALIDATE_PRODUCT = YES;
			};
			name = Release;
		};
		CCA846A72F01B01E005DE30B /* Debug */ = {
			isa = XCBuildConfiguration;
			buildSettings = {
				ASSETCATALOG_COMPILER_APPICON_NAME = AppIcon;
				ASSETCATALOG_COMPILER_GLOBAL_ACCENT_COLOR_NAME = AccentColor;
				CODE_SIGN_STYLE = Automatic;
				CURRENT_PROJECT_VERSION = 1;
				DEVELOPMENT_TEAM = 65T6JH3Q9B;
				ENABLE_PREVIEWS = YES;
				GENERATE_INFOPLIST_FILE = YES;
				INFOPLIST_FILE = Snacktacular/Info.plist;
				INFOPLIST_KEY_UIApplicationSceneManifest_Generation = YES;
				INFOPLIST_KEY_UIApplicationSupportsIndirectInputEvents = YES;
				INFOPLIST_KEY_UISupportedInterfaceOrientations_iPad = "UIInterfaceOrientationPortrait UIInterfaceOrientationPortraitUpsideDown UIInterfaceOrientationLandscapeLeft UIInterfaceOrientationLandscapeRight";
				INFOPLIST_KEY_UISupportedInterfaceOrientations_iPhone = "UIInterfaceOrientationPortrait UIInterfaceOrientationLandscapeLeft UIInterfaceOrientationLandscapeRight";
				LD_RUNPATH_SEARCH_PATHS = (
					"$(inherited)",
					"@executable_path/Frameworks",
				);
				MARKETING_VERSION = 1.0;
				PRODUCT_BUNDLE_IDENTIFIER = com.peterson.Snacktacular;
				PRODUCT_NAME = "$(TARGET_NAME)";
				STRING_CATALOG_GENERATE_SYMBOLS = YES;
				SWIFT_APPROACHABLE_CONCURRENCY = YES;
				SWIFT_DEFAULT_ACTOR_ISOLATION = MainActor;
				SWIFT_EMIT_LOC_STRINGS = YES;
				SWIFT_UPCOMING_FEATURE_MEMBER_IMPORT_VISIBILITY = YES;
				SWIFT_VERSION = 5.0;
				TARGETED_DEVICE_FAMILY = "1,2";
			};
			name = Debug;
		};
		CCA846A82F01B01E005DE30B /* Release */ = {
			isa = XCBuildConfiguration;
			buildSettings = {
				ASSETCATALOG_COMPILER_APPICON_NAME = AppIcon;
				ASSETCATALOG_COMPILER_GLOBAL_ACCENT_COLOR_NAME = AccentColor;
				CODE_SIGN_STYLE = Automatic;
				CURRENT_PROJECT_VERSION = 1;
				DEVELOPMENT_TEAM = 65T6JH3Q9B;
				ENABLE_PREVIEWS = YES;
				GENERATE_INFOPLIST_FILE = YES;
				INFOPLIST_FILE = Snacktacular/Info.plist;
				INFOPLIST_KEY_UIApplicationSceneManifest_Generation = YES;
				INFOPLIST_KEY_UIApplicationSupportsIndirectInputEvents = YES;
				INFOPLIST_KEY_UISupportedInterfaceOrientations_iPad = "UIInterfaceOrientationPortrait UIInterfaceOrientationPortraitUpsideDown UIInterfaceOrientationLandscapeLeft UIInterfaceOrientationLandscapeRight";
				INFOPLIST_KEY_UISupportedInterfaceOrientations_iPhone = "UIInterfaceOrientationPortrait UIInterfaceOrientationLandscapeLeft UIInterfaceOrientationLandscapeRight";
				LD_RUNPATH_SEARCH_PATHS = (
					"$(inherited)",
					"@executable_path/Frameworks",
				);
				MARKETING_VERSION = 1.0;
				PRODUCT_BUNDLE_IDENTIFIER = com.peterson.Snacktacular;
				PRODUCT_NAME = "$(TARGET_NAME)";
				STRING_CATALOG_GENERATE_SYMBOLS = YES;
				SWIFT_APPROACHABLE_CONCURRENCY = YES;
				SWIFT_DEFAULT_ACTOR_ISOLATION = MainActor;
				SWIFT_EMIT_LOC_STRINGS = YES;
				SWIFT_UPCOMING_FEATURE_MEMBER_IMPORT_VISIBILITY = YES;
				SWIFT_VERSION = 5.0;
				TARGETED_DEVICE_FAMILY = "1,2";
			};
			name = Release;
		};
/* End XCBuildConfiguration section */

/* Begin XCConfigurationList section */
		CCA846962F01B01C005DE30B /* Build configuration list for PBXProject "Snacktacular" */ = {
			isa = XCConfigurationList;
			buildConfigurations = (
				CCA846A42F01B01E005DE30B /* Debug */,
				CCA846A52F01B01E005DE30B /* Release */,
			);
			defaultConfigurationIsVisible = 0;
			defaultConfigurationName = Release;
		};
		CCA846A62F01B01E005DE30B /* Build configuration list for PBXNativeTarget "Snacktacular" */ = {
			isa = XCConfigurationList;
			buildConfigurations = (
				CCA846A72F01B01E005DE30B /* Debug */,
				CCA846A82F01B01E005DE30B /* Release */,
			);
			defaultConfigurationIsVisible = 0;
			defaultConfigurationName = Release;
		};
/* End XCConfigurationList section */

/* Begin XCRemoteSwiftPackageReference section */
		CC9B7C1F2F01B7A800474CCE /* XCRemoteSwiftPackageReference "firebase-ios-sdk" */ = {
			isa = XCRemoteSwiftPackageReference;
			repositoryURL = "https://github.com/firebase/firebase-ios-sdk.git";
			requirement = {
				kind = upToNextMajorVersion;
				minimumVersion = 12.7.0;
			};
		};
/* End XCRemoteSwiftPackageReference section */

/* Begin XCSwiftPackageProductDependency section */
		CC9B7C202F01B7A800474CCE /* FirebaseAuth */ = {
			isa = XCSwiftPackageProductDependency;
			package = CC9B7C1F2F01B7A800474CCE /* XCRemoteSwiftPackageReference "firebase-ios-sdk" */;
			productName = FirebaseAuth;
		};
		CC9B7C222F01B7A800474CCE /* FirebaseFirestore */ = {
			isa = XCSwiftPackageProductDependency;
			package = CC9B7C1F2F01B7A800474CCE /* XCRemoteSwiftPackageReference "firebase-ios-sdk" */;
			productName = FirebaseFirestore;
		};
		CC9B7C242F01B7A800474CCE /* FirebaseStorage */ = {
			isa = XCSwiftPackageProductDependency;
			package = CC9B7C1F2F01B7A800474CCE /* XCRemoteSwiftPackageReference "firebase-ios-sdk" */;
			productName = FirebaseStorage;
		};
/* End XCSwiftPackageProductDependency section */
	};
	rootObject = CCA846932F01B01C005DE30B /* Project object */;
}
